
Microsoft Visual Studio Solution File, Format Version 12.00
# Visual Studio Version 16
VisualStudioVersion = 16.0.30717.126
MinimumVisualStudioVersion = 10.0.40219.1
Project("{FAE04EC0-301F-11D3-BF4B-00C04F79EFBC}") = "AplicacionComercialClase", "AplicacionComercialClase\AplicacionComercialClase.csproj", "{A3662000-6AD9-4B99-9712-925EF2816E15}"
EndProject
Project("{FAE04EC0-301F-11D3-BF4B-00C04F79EFBC}") = "CADAplicacionComercial", "CADAplicacionComercial\CADAplicacionComercial.csproj", "{C2DD6541-75EA-44B1-AB47-C53376E3B9D2}"
EndProject
Global
	GlobalSection(SolutionConfigurationPlatforms) = preSolution
		Debug|Any CPU = Debug|Any CPU
		Release|Any CPU = Release|Any CPU
	EndGlobalSection
	GlobalSection(ProjectConfigurationPlatforms) = postSolution
		{A3662000-6AD9-4B99-9712-925EF2816E15}.Debug|Any CPU.ActiveCfg = Debug|Any CPU
		{A3662000-6AD9-4B99-9712-925EF2816E15}.Debug|Any CPU.Build.0 = Debug|Any CPU
		{A3662000-6AD9-4B99-9712-925EF2816E15}.Release|Any CPU.ActiveCfg = Release|Any CPU
		{A3662000-6AD9-4B99-9712-925EF2816E15}.Release|Any CPU.Build.0 = Release|Any CPU
		{C2DD6541-75EA-44B1-AB47-C53376E3B9D2}.Debug|Any CPU.ActiveCfg = Debug|Any CPU
		{C2DD6541-75EA-44B1-AB47-C53376E3B9D2}.Debug|Any CPU.Build.0 = Debug|Any CPU
		{C2DD6541-75EA-44B1-AB47-C53376E3B9D2}.Release|Any CPU.ActiveCfg = Release|Any CPU
		{C2DD6541-75EA-44B1-AB47-C53376E3B9D2}.Release|Any CPU.Build.0 = Release|Any CPU
	EndGlobalSection
	GlobalSection(SolutionProperties) = preSolution
		HideSolutionNode = FALSE
	EndGlobalSection
	GlobalSection(ExtensibilityGlobals) = postSolution
		SolutionGuid = {706D3528-AD7C-48D6-BCE2-5FB0E943F800}
	EndGlobalSection
EndGlobal
